// !$*UTF8*$!
{
	archiveVersion = 1;
	classes = {
	};
	objectVersion = 46;
	objects = {

/* Begin PBXBuildFile section */
		78077F5D1BA94B6400B36062 /* udpsocket.cpp in Sources */ = {isa = PBXBuildFile; fileRef = 78077F5C1BA94B6400B36062 /* udpsocket.cpp */; };
		78077F601BA94F6400B36062 /* tcpsocket.cpp in Sources */ = {isa = PBXBuildFile; fileRef = 78077F5F1BA94F6400B36062 /* tcpsocket.cpp */; };
		784F012D1BADB67100C591FA /* log.cpp in Sources */ = {isa = PBXBuildFile; fileRef = 784F012C1BADB67100C591FA /* log.cpp */; };
		7860CA071BB4524E004D8C9A /* COPYING in CopyFiles */ = {isa = PBXBuildFile; fileRef = 7860CA061BB451E6004D8C9A /* COPYING */; };
		78711E141B7BC5F6002A7C7B /* settings.ini in CopyFiles */ = {isa = PBXBuildFile; fileRef = 78711E131B7BC5BA002A7C7B /* settings.ini */; };
		7887CC971B790CE90092C4C1 /* inet_help.c in Sources */ = {isa = PBXBuildFile; fileRef = 7887CC951B790CE90092C4C1 /* inet_help.c */; };
		7887CCA21B790CF80092C4C1 /* acsrelay.cpp in Sources */ = {isa = PBXBuildFile; fileRef = 7887CC991B790CF80092C4C1 /* acsrelay.cpp */; };
		7887CCA31B790CF80092C4C1 /* INIReader.cpp in Sources */ = {isa = PBXBuildFile; fileRef = 7887CC9B1B790CF80092C4C1 /* INIReader.cpp */; };
		7887CCA41B790CF80092C4C1 /* main.cpp in Sources */ = {isa = PBXBuildFile; fileRef = 7887CC9D1B790CF80092C4C1 /* main.cpp */; };
		7887CCA51B790CF80092C4C1 /* peerconnection.cpp in Sources */ = {isa = PBXBuildFile; fileRef = 7887CC9E1B790CF80092C4C1 /* peerconnection.cpp */; };
		78B2B9CC1B970551009F04CF /* cmdparams.cpp in Sources */ = {isa = PBXBuildFile; fileRef = 78B2B9CB1B970551009F04CF /* cmdparams.cpp */; };
		78B2B9CE1B982F5B009F04CF /* README.TXT in CopyFiles */ = {isa = PBXBuildFile; fileRef = 78B2B9CD1B972A59009F04CF /* README.TXT */; };
/* End PBXBuildFile section */

/* Begin PBXCopyFilesBuildPhase section */
		7887CC8B1B790C5D0092C4C1 /* CopyFiles */ = {
			isa = PBXCopyFilesBuildPhase;
			buildActionMask = 12;
			dstPath = "";
			dstSubfolderSpec = 6;
			files = (
				7860CA071BB4524E004D8C9A /* COPYING in CopyFiles */,
				78B2B9CE1B982F5B009F04CF /* README.TXT in CopyFiles */,
				78711E141B7BC5F6002A7C7B /* settings.ini in CopyFiles */,
			);
			runOnlyForDeploymentPostprocessing = 0;
		};
/* End PBXCopyFilesBuildPhase section */

/* Begin PBXFileReference section */
		78077F5B1BA94B5B00B36062 /* udpsocket.h */ = {isa = PBXFileReference; fileEncoding = 4; lastKnownFileType = sourcecode.c.h; path = udpsocket.h; sourceTree = "<group>"; };
		78077F5C1BA94B6400B36062 /* udpsocket.cpp */ = {isa = PBXFileReference; fileEncoding = 4; lastKnownFileType = sourcecode.cpp.cpp; path = udpsocket.cpp; sourceTree = "<group>"; };
		78077F5E1BA94F2900B36062 /* tcpsocket.h */ = {isa = PBXFileReference; fileEncoding = 4; lastKnownFileType = sourcecode.c.h; path = tcpsocket.h; sourceTree = "<group>"; };
		78077F5F1BA94F6400B36062 /* tcpsocket.cpp */ = {isa = PBXFileReference; fileEncoding = 4; lastKnownFileType = sourcecode.cpp.cpp; path = tcpsocket.cpp; sourceTree = "<group>"; };
		784F012B1BADB20900C591FA /* log.h */ = {isa = PBXFileReference; fileEncoding = 4; lastKnownFileType = sourcecode.c.h; path = log.h; sourceTree = "<group>"; };
		784F012C1BADB67100C591FA /* log.cpp */ = {isa = PBXFileReference; fileEncoding = 4; lastKnownFileType = sourcecode.cpp.cpp; path = log.cpp; sourceTree = "<group>"; };
		7860CA061BB451E6004D8C9A /* COPYING */ = {isa = PBXFileReference; fileEncoding = 4; lastKnownFileType = text; path = COPYING; sourceTree = "<group>"; };
		78711E131B7BC5BA002A7C7B /* settings.ini */ = {isa = PBXFileReference; fileEncoding = 4; lastKnownFileType = text; path = settings.ini; sourceTree = "<group>"; };
		7887CC8D1B790C5D0092C4C1 /* ACSRelay */ = {isa = PBXFileReference; explicitFileType = "compiled.mach-o.executable"; includeInIndex = 0; path = ACSRelay; sourceTree = BUILT_PRODUCTS_DIR; };
		7887CC951B790CE90092C4C1 /* inet_help.c */ = {isa = PBXFileReference; fileEncoding = 4; lastKnownFileType = sourcecode.c.c; path = inet_help.c; sourceTree = "<group>"; };
		7887CC961B790CE90092C4C1 /* inet_help.h */ = {isa = PBXFileReference; fileEncoding = 4; lastKnownFileType = sourcecode.c.h; path = inet_help.h; sourceTree = "<group>"; };
		7887CC981B790CF80092C4C1 /* ACSProtocol.h */ = {isa = PBXFileReference; fileEncoding = 4; lastKnownFileType = sourcecode.c.h; path = ACSProtocol.h; sourceTree = "<group>"; };
		7887CC991B790CF80092C4C1 /* acsrelay.cpp */ = {isa = PBXFileReference; fileEncoding = 4; lastKnownFileType = sourcecode.cpp.cpp; path = acsrelay.cpp; sourceTree = "<group>"; };
		7887CC9A1B790CF80092C4C1 /* acsrelay.h */ = {isa = PBXFileReference; fileEncoding = 4; lastKnownFileType = sourcecode.c.h; path = acsrelay.h; sourceTree = "<group>"; };
		7887CC9B1B790CF80092C4C1 /* INIReader.cpp */ = {isa = PBXFileReference; fileEncoding = 4; lastKnownFileType = sourcecode.cpp.cpp; path = INIReader.cpp; sourceTree = "<group>"; };
		7887CC9C1B790CF80092C4C1 /* INIReader.h */ = {isa = PBXFileReference; fileEncoding = 4; lastKnownFileType = sourcecode.c.h; path = INIReader.h; sourceTree = "<group>"; };
		7887CC9D1B790CF80092C4C1 /* main.cpp */ = {isa = PBXFileReference; fileEncoding = 4; lastKnownFileType = sourcecode.cpp.cpp; path = main.cpp; sourceTree = "<group>"; };
		7887CC9E1B790CF80092C4C1 /* peerconnection.cpp */ = {isa = PBXFileReference; fileEncoding = 4; lastKnownFileType = sourcecode.cpp.cpp; path = peerconnection.cpp; sourceTree = "<group>"; };
		7887CC9F1B790CF80092C4C1 /* peerconnection.h */ = {isa = PBXFileReference; fileEncoding = 4; lastKnownFileType = sourcecode.c.h; path = peerconnection.h; sourceTree = "<group>"; };
		7887CCA11B790CF80092C4C1 /* socket.h */ = {isa = PBXFileReference; fileEncoding = 4; lastKnownFileType = sourcecode.c.h; path = socket.h; sourceTree = "<group>"; };
		78B2B9C91B970203009F04CF /* software.h */ = {isa = PBXFileReference; fileEncoding = 4; lastKnownFileType = sourcecode.c.h; path = software.h; sourceTree = "<group>"; };
		78B2B9CA1B9703AB009F04CF /* cmdparams.h */ = {isa = PBXFileReference; fileEncoding = 4; lastKnownFileType = sourcecode.c.h; path = cmdparams.h; sourceTree = "<group>"; };
		78B2B9CB1B970551009F04CF /* cmdparams.cpp */ = {isa = PBXFileReference; fileEncoding = 4; lastKnownFileType = sourcecode.cpp.cpp; path = cmdparams.cpp; sourceTree = "<group>"; };
		78B2B9CD1B972A59009F04CF /* README.TXT */ = {isa = PBXFileReference; fileEncoding = 4; lastKnownFileType = text; path = README.TXT; sourceTree = "<group>"; };
/* End PBXFileReference section */

/* Begin PBXFrameworksBuildPhase section */
		7887CC8A1B790C5D0092C4C1 /* Frameworks */ = {
			isa = PBXFrameworksBuildPhase;
			buildActionMask = 2147483647;
			files = (
			);
			runOnlyForDeploymentPostprocessing = 0;
		};
/* End PBXFrameworksBuildPhase section */

/* Begin PBXGroup section */
		7887CC761B790BC50092C4C1 = {
			isa = PBXGroup;
			children = (
				7887CC8F1B790C5D0092C4C1 /* ACSRelay */,
				7887CC8E1B790C5D0092C4C1 /* Products */,
			);
			sourceTree = "<group>";
		};
		7887CC8E1B790C5D0092C4C1 /* Products */ = {
			isa = PBXGroup;
			children = (
				7887CC8D1B790C5D0092C4C1 /* ACSRelay */,
			);
			name = Products;
			sourceTree = "<group>";
		};
		7887CC8F1B790C5D0092C4C1 /* ACSRelay */ = {
			isa = PBXGroup;
			children = (
				7887CC981B790CF80092C4C1 /* ACSProtocol.h */,
				7887CC9A1B790CF80092C4C1 /* acsrelay.h */,
				7887CC991B790CF80092C4C1 /* acsrelay.cpp */,
				784F012B1BADB20900C591FA /* log.h */,
				784F012C1BADB67100C591FA /* log.cpp */,
				78B2B9CB1B970551009F04CF /* cmdparams.cpp */,
				78B2B9CA1B9703AB009F04CF /* cmdparams.h */,
				7887CC951B790CE90092C4C1 /* inet_help.c */,
				7887CC961B790CE90092C4C1 /* inet_help.h */,
				7887CC9B1B790CF80092C4C1 /* INIReader.cpp */,
				7887CC9C1B790CF80092C4C1 /* INIReader.h */,
				7887CC9D1B790CF80092C4C1 /* main.cpp */,
				7887CC9E1B790CF80092C4C1 /* peerconnection.cpp */,
				7887CC9F1B790CF80092C4C1 /* peerconnection.h */,
				78B2B9CD1B972A59009F04CF /* README.TXT */,
				78711E131B7BC5BA002A7C7B /* settings.ini */,
				7887CCA11B790CF80092C4C1 /* socket.h */,
				78B2B9C91B970203009F04CF /* software.h */,
				78077F5B1BA94B5B00B36062 /* udpsocket.h */,
				78077F5C1BA94B6400B36062 /* udpsocket.cpp */,
				78077F5E1BA94F2900B36062 /* tcpsocket.h */,
				78077F5F1BA94F6400B36062 /* tcpsocket.cpp */,
				7860CA061BB451E6004D8C9A /* COPYING */,
			);
			path = ACSRelay;
			sourceTree = "<group>";
		};
/* End PBXGroup section */

/* Begin PBXNativeTarget section */
		7887CC8C1B790C5D0092C4C1 /* ACSRelay */ = {
			isa = PBXNativeTarget;
			buildConfigurationList = 7887CC921B790C5D0092C4C1 /* Build configuration list for PBXNativeTarget "ACSRelay" */;
			buildPhases = (
				7887CC891B790C5D0092C4C1 /* Sources */,
				7887CC8A1B790C5D0092C4C1 /* Frameworks */,
				7887CC8B1B790C5D0092C4C1 /* CopyFiles */,
			);
			buildRules = (
			);
			dependencies = (
			);
			name = ACSRelay;
			productName = ACSRelay;
			productReference = 7887CC8D1B790C5D0092C4C1 /* ACSRelay */;
			productType = "com.apple.product-type.tool";
		};
/* End PBXNativeTarget section */

/* Begin PBXProject section */
		7887CC771B790BC50092C4C1 /* Project object */ = {
			isa = PBXProject;
			attributes = {
				LastUpgradeCheck = 0620;
				ORGANIZATIONNAME = com.ihlades;
				TargetAttributes = {
					7887CC8C1B790C5D0092C4C1 = {
						CreatedOnToolsVersion = 6.2;
					};
				};
			};
			buildConfigurationList = 7887CC7A1B790BC50092C4C1 /* Build configuration list for PBXProject "ACSRelay" */;
			compatibilityVersion = "Xcode 3.2";
			developmentRegion = English;
			hasScannedForEncodings = 0;
			knownRegions = (
				en,
			);
			mainGroup = 7887CC761B790BC50092C4C1;
			productRefGroup = 7887CC8E1B790C5D0092C4C1 /* Products */;
			projectDirPath = "";
			projectRoot = "";
			targets = (
				7887CC8C1B790C5D0092C4C1 /* ACSRelay */,
			);
		};
/* End PBXProject section */

/* Begin PBXSourcesBuildPhase section */
		7887CC891B790C5D0092C4C1 /* Sources */ = {
			isa = PBXSourcesBuildPhase;
			buildActionMask = 2147483647;
			files = (
				784F012D1BADB67100C591FA /* log.cpp in Sources */,
				78077F5D1BA94B6400B36062 /* udpsocket.cpp in Sources */,
				7887CCA51B790CF80092C4C1 /* peerconnection.cpp in Sources */,
				7887CC971B790CE90092C4C1 /* inet_help.c in Sources */,
				7887CCA21B790CF80092C4C1 /* acsrelay.cpp in Sources */,
				7887CCA41B790CF80092C4C1 /* main.cpp in Sources */,
				78B2B9CC1B970551009F04CF /* cmdparams.cpp in Sources */,
				78077F601BA94F6400B36062 /* tcpsocket.cpp in Sources */,
				7887CCA31B790CF80092C4C1 /* INIReader.cpp in Sources */,
			);
			runOnlyForDeploymentPostprocessing = 0;
		};
/* End PBXSourcesBuildPhase section */

/* Begin XCBuildConfiguration section */
		7887CC7B1B790BC50092C4C1 /* Debug */ = {
			isa = XCBuildConfiguration;
			buildSettings = {
				GCC_WARN_PEDANTIC = YES;
				ONLY_ACTIVE_ARCH = YES;
				WARNING_CFLAGS = "-Wall";
				"WARNING_CFLAGS[arch=*]" = "-Wall";
			};
			name = Debug;
		};
		7887CC7C1B790BC50092C4C1 /* Release */ = {
			isa = XCBuildConfiguration;
			buildSettings = {
				GCC_WARN_PEDANTIC = YES;
				WARNING_CFLAGS = "-Wall";
			};
			name = Release;
		};
		7887CC931B790C5D0092C4C1 /* Debug */ = {
			isa = XCBuildConfiguration;
			buildSettings = {
				ALWAYS_SEARCH_USER_PATHS = YES;
				CLANG_CXX_LANGUAGE_STANDARD = "gnu++0x";
				CLANG_CXX_LIBRARY = "libc++";
				CLANG_ENABLE_MODULES = YES;
				CLANG_ENABLE_OBJC_ARC = YES;
				CLANG_WARN_BOOL_CONVERSION = YES;
				CLANG_WARN_CONSTANT_CONVERSION = YES;
				CLANG_WARN_DIRECT_OBJC_ISA_USAGE = YES_ERROR;
				CLANG_WARN_EMPTY_BODY = YES;
				CLANG_WARN_ENUM_CONVERSION = YES;
				CLANG_WARN_INT_CONVERSION = YES;
				CLANG_WARN_OBJC_ROOT_CLASS = YES_ERROR;
				CLANG_WARN_UNREACHABLE_CODE = YES;
				CLANG_WARN__DUPLICATE_METHOD_MATCH = YES;
				COPY_PHASE_STRIP = NO;
				DEBUG_INFORMATION_FORMAT = "dwarf-with-dsym";
				ENABLE_STRICT_OBJC_MSGSEND = YES;
				GCC_C_LANGUAGE_STANDARD = gnu99;
				GCC_DYNAMIC_NO_PIC = NO;
				GCC_OPTIMIZATION_LEVEL = 0;
				GCC_PREPROCESSOR_DEFINITIONS = (
					"_DEBUG=1",
					"$(inherited)",
				);
				GCC_SYMBOLS_PRIVATE_EXTERN = NO;
				GCC_WARN_64_TO_32_BIT_CONVERSION = YES;
				GCC_WARN_ABOUT_RETURN_TYPE = YES_ERROR;
				GCC_WARN_UNDECLARED_SELECTOR = YES;
				GCC_WARN_UNINITIALIZED_AUTOS = YES_AGGRESSIVE;
				GCC_WARN_UNUSED_FUNCTION = YES;
				GCC_WARN_UNUSED_VARIABLE = YES;
				HEADER_SEARCH_PATHS = (
					"$(inherited)",
					/Applications/Xcode.app/Contents/Developer/Toolchains/XcodeDefault.xctoolchain/usr/include,
					"$(SRCROOT)",
				);
				MACH_O_TYPE = mh_execute;
				MACOSX_DEPLOYMENT_TARGET = 10.10;
				MTL_ENABLE_DEBUG_INFO = YES;
				ONLY_ACTIVE_ARCH = YES;
				OTHER_CPLUSPLUSFLAGS = "";
				"OTHER_CPLUSPLUSFLAGS[arch=*]" = "-v";
				PRECOMPS_INCLUDE_HEADERS_FROM_BUILT_PRODUCTS_DIR = NO;
				PRODUCT_NAME = "$(TARGET_NAME)";
				SDKROOT = macosx;
				STRIP_INSTALLED_PRODUCT = NO;
				WARNING_CFLAGS = (
					"-Weverything",
					"-Wno-c++98-compat",
				);
			};
			name = Debug;
		};
		7887CC941B790C5D0092C4C1 /* Release */ = {
			isa = XCBuildConfiguration;
			buildSettings = {
				ALWAYS_SEARCH_USER_PATHS = YES;
				CLANG_CXX_LANGUAGE_STANDARD = "gnu++0x";
				CLANG_CXX_LIBRARY = "libc++";
				CLANG_ENABLE_MODULES = YES;
				CLANG_ENABLE_OBJC_ARC = YES;
				CLANG_WARN_BOOL_CONVERSION = YES;
				CLANG_WARN_CONSTANT_CONVERSION = YES;
				CLANG_WARN_DIRECT_OBJC_ISA_USAGE = YES_ERROR;
				CLANG_WARN_EMPTY_BODY = YES;
				CLANG_WARN_ENUM_CONVERSION = YES;
				CLANG_WARN_INT_CONVERSION = YES;
				CLANG_WARN_OBJC_ROOT_CLASS = YES_ERROR;
				CLANG_WARN_UNREACHABLE_CODE = YES;
				CLANG_WARN__DUPLICATE_METHOD_MATCH = YES;
				COPY_PHASE_STRIP = YES;
				DEBUG_INFORMATION_FORMAT = dwarf;
				ENABLE_NS_ASSERTIONS = NO;
				ENABLE_STRICT_OBJC_MSGSEND = YES;
				GCC_C_LANGUAGE_STANDARD = gnu99;
				GCC_WARN_64_TO_32_BIT_CONVERSION = YES;
				GCC_WARN_ABOUT_RETURN_TYPE = YES_ERROR;
				GCC_WARN_UNDECLARED_SELECTOR = YES;
				GCC_WARN_UNINITIALIZED_AUTOS = YES_AGGRESSIVE;
				GCC_WARN_UNUSED_FUNCTION = YES;
				GCC_WARN_UNUSED_VARIABLE = YES;
				HEADER_SEARCH_PATHS = (
					"$(inherited)",
					/Applications/Xcode.app/Contents/Developer/Toolchains/XcodeDefault.xctoolchain/usr/include,
					"$(SRCROOT)",
				);
				MACH_O_TYPE = mh_execute;
				MACOSX_DEPLOYMENT_TARGET = 10.10;
				MTL_ENABLE_DEBUG_INFO = NO;
				OTHER_CPLUSPLUSFLAGS = "";
				PRECOMPS_INCLUDE_HEADERS_FROM_BUILT_PRODUCTS_DIR = NO;
				PRODUCT_NAME = "$(TARGET_NAME)";
				SDKROOT = macosx;
				WARNING_CFLAGS = "-Wall";
			};
			name = Release;
		};
/* End XCBuildConfiguration section */

/* Begin XCConfigurationList section */
		7887CC7A1B790BC50092C4C1 /* Build configuration list for PBXProject "ACSRelay" */ = {
			isa = XCConfigurationList;
			buildConfigurations = (
				7887CC7B1B790BC50092C4C1 /* Debug */,
				7887CC7C1B790BC50092C4C1 /* Release */,
			);
			defaultConfigurationIsVisible = 0;
			defaultConfigurationName = Release;
		};
		7887CC921B790C5D0092C4C1 /* Build configuration list for PBXNativeTarget "ACSRelay" */ = {
			isa = XCConfigurationList;
			buildConfigurations = (
				7887CC931B790C5D0092C4C1 /* Debug */,
				7887CC941B790C5D0092C4C1 /* Release */,
			);
			defaultConfigurationIsVisible = 0;
			defaultConfigurationName = Release;
		};
/* End XCConfigurationList section */
	};
	rootObject = 7887CC771B790BC50092C4C1 /* Project object */;
}
